// !$*UTF8*$!
{
	archiveVersion = 1;
	classes = {
	};
	objectVersion = 46;
	objects = {

/* Begin PBXBuildFile section */
		5FEEE3A91D45C0BB00E237FC /* AppDelegate.swift in Sources */ = {isa = PBXBuildFile; fileRef = 5FEEE3A81D45C0BB00E237FC /* AppDelegate.swift */; };
		5FEEE3AB1D45C0BB00E237FC /* ViewController.swift in Sources */ = {isa = PBXBuildFile; fileRef = 5FEEE3AA1D45C0BB00E237FC /* ViewController.swift */; };
		5FEEE3AE1D45C0BB00E237FC /* Main.storyboard in Resources */ = {isa = PBXBuildFile; fileRef = 5FEEE3AC1D45C0BB00E237FC /* Main.storyboard */; };
		5FEEE3B01D45C0BB00E237FC /* Assets.xcassets in Resources */ = {isa = PBXBuildFile; fileRef = 5FEEE3AF1D45C0BB00E237FC /* Assets.xcassets */; };
		5FEEE3B31D45C0BB00E237FC /* LaunchScreen.storyboard in Resources */ = {isa = PBXBuildFile; fileRef = 5FEEE3B11D45C0BB00E237FC /* LaunchScreen.storyboard */; };
		5FEEE3BC1D45C9EE00E237FC /* EventsBlock.jpg in Resources */ = {isa = PBXBuildFile; fileRef = 5FEEE3BB1D45C9EE00E237FC /* EventsBlock.jpg */; };
		5FEEE3BF1D45CBAC00E237FC /* eventsCal.jpeg in Resources */ = {isa = PBXBuildFile; fileRef = 5FEEE3BD1D45CBAC00E237FC /* eventsCal.jpeg */; };
		5FEEE3C01D45CBAC00E237FC /* eventsArt.jpeg in Resources */ = {isa = PBXBuildFile; fileRef = 5FEEE3BE1D45CBAC00E237FC /* eventsArt.jpeg */; };
/* End PBXBuildFile section */

/* Begin PBXFileReference section */
		5FEEE3A51D45C0BB00E237FC /* EventsAndPeople.app */ = {isa = PBXFileReference; explicitFileType = wrapper.application; includeInIndex = 0; path = EventsAndPeople.app; sourceTree = BUILT_PRODUCTS_DIR; };
		5FEEE3A81D45C0BB00E237FC /* AppDelegate.swift */ = {isa = PBXFileReference; lastKnownFileType = sourcecode.swift; path = AppDelegate.swift; sourceTree = "<group>"; };
		5FEEE3AA1D45C0BB00E237FC /* ViewController.swift */ = {isa = PBXFileReference; lastKnownFileType = sourcecode.swift; path = ViewController.swift; sourceTree = "<group>"; };
		5FEEE3AD1D45C0BB00E237FC /* Base */ = {isa = PBXFileReference; lastKnownFileType = file.storyboard; name = Base; path = Base.lproj/Main.storyboard; sourceTree = "<group>"; };
		5FEEE3AF1D45C0BB00E237FC /* Assets.xcassets */ = {isa = PBXFileReference; lastKnownFileType = folder.assetcatalog; path = Assets.xcassets; sourceTree = "<group>"; };
		5FEEE3B21D45C0BB00E237FC /* Base */ = {isa = PBXFileReference; lastKnownFileType = file.storyboard; name = Base; path = Base.lproj/LaunchScreen.storyboard; sourceTree = "<group>"; };
		5FEEE3B41D45C0BB00E237FC /* Info.plist */ = {isa = PBXFileReference; lastKnownFileType = text.plist.xml; path = Info.plist; sourceTree = "<group>"; };
		5FEEE3BB1D45C9EE00E237FC /* EventsBlock.jpg */ = {isa = PBXFileReference; lastKnownFileType = image.jpeg; path = EventsBlock.jpg; sourceTree = "<group>"; };
		5FEEE3BD1D45CBAC00E237FC /* eventsCal.jpeg */ = {isa = PBXFileReference; lastKnownFileType = image.jpeg; path = eventsCal.jpeg; sourceTree = "<group>"; };
		5FEEE3BE1D45CBAC00E237FC /* eventsArt.jpeg */ = {isa = PBXFileReference; lastKnownFileType = image.jpeg; path = eventsArt.jpeg; sourceTree = "<group>"; };
/* End PBXFileReference section */

/* Begin PBXFrameworksBuildPhase section */
		5FEEE3A21D45C0BB00E237FC /* Frameworks */ = {
			isa = PBXFrameworksBuildPhase;
			buildActionMask = 2147483647;
			files = (
			);
			runOnlyForDeploymentPostprocessing = 0;
		};
/* End PBXFrameworksBuildPhase section */

/* Begin PBXGroup section */
		5FEEE39C1D45C0BB00E237FC = {
			isa = PBXGroup;
			children = (
				5FEEE3A71D45C0BB00E237FC /* EventsAndPeople */,
				5FEEE3A61D45C0BB00E237FC /* Products */,
			);
			sourceTree = "<group>";
		};
		5FEEE3A61D45C0BB00E237FC /* Products */ = {
			isa = PBXGroup;
			children = (
				5FEEE3A51D45C0BB00E237FC /* EventsAndPeople.app */,
			);
			name = Products;
			sourceTree = "<group>";
		};
		5FEEE3A71D45C0BB00E237FC /* EventsAndPeople */ = {
			isa = PBXGroup;
			children = (
				5FEEE3BA1D45C9EE00E237FC /* Images */,
				5FEEE3A81D45C0BB00E237FC /* AppDelegate.swift */,
				5FEEE3AA1D45C0BB00E237FC /* ViewController.swift */,
				5FEEE3AC1D45C0BB00E237FC /* Main.storyboard */,
				5FEEE3AF1D45C0BB00E237FC /* Assets.xcassets */,
				5FEEE3B11D45C0BB00E237FC /* LaunchScreen.storyboard */,
				5FEEE3B41D45C0BB00E237FC /* Info.plist */,
			);
			path = EventsAndPeople;
			sourceTree = "<group>";
		};
		5FEEE3BA1D45C9EE00E237FC /* Images */ = {
			isa = PBXGroup;
			children = (
				5FEEE3BD1D45CBAC00E237FC /* eventsCal.jpeg */,
				5FEEE3BE1D45CBAC00E237FC /* eventsArt.jpeg */,
				5FEEE3BB1D45C9EE00E237FC /* EventsBlock.jpg */,
			);
			path = Images;
			sourceTree = "<group>";
		};
/* End PBXGroup section */

/* Begin PBXNativeTarget section */
		5FEEE3A41D45C0BB00E237FC /* EventsAndPeople */ = {
			isa = PBXNativeTarget;
			buildConfigurationList = 5FEEE3B71D45C0BB00E237FC /* Build configuration list for PBXNativeTarget "EventsAndPeople" */;
			buildPhases = (
				5FEEE3A11D45C0BB00E237FC /* Sources */,
				5FEEE3A21D45C0BB00E237FC /* Frameworks */,
				5FEEE3A31D45C0BB00E237FC /* Resources */,
			);
			buildRules = (
			);
			dependencies = (
			);
			name = EventsAndPeople;
			productName = EventsAndPeople;
			productReference = 5FEEE3A51D45C0BB00E237FC /* EventsAndPeople.app */;
			productType = "com.apple.product-type.application";
		};
/* End PBXNativeTarget section */

/* Begin PBXProject section */
		5FEEE39D1D45C0BB00E237FC /* Project object */ = {
			isa = PBXProject;
			attributes = {
				LastSwiftUpdateCheck = 0730;
				LastUpgradeCheck = 0730;
				ORGANIZATIONNAME = "Roeut Chak";
				TargetAttributes = {
					5FEEE3A41D45C0BB00E237FC = {
						CreatedOnToolsVersion = 7.3.1;
						DevelopmentTeam = 4VTLW239XZ;
					};
				};
			};
			buildConfigurationList = 5FEEE3A01D45C0BB00E237FC /* Build configuration list for PBXProject "EventsAndPeople" */;
			compatibilityVersion = "Xcode 3.2";
			developmentRegion = English;
			hasScannedForEncodings = 0;
			knownRegions = (
				en,
				Base,
			);
			mainGroup = 5FEEE39C1D45C0BB00E237FC;
			productRefGroup = 5FEEE3A61D45C0BB00E237FC /* Products */;
			projectDirPath = "";
			projectRoot = "";
			targets = (
				5FEEE3A41D45C0BB00E237FC /* EventsAndPeople */,
			);
		};
/* End PBXProject section */

/* Begin PBXResourcesBuildPhase section */
		5FEEE3A31D45C0BB00E237FC /* Resources */ = {
			isa = PBXResourcesBuildPhase;
			buildActionMask = 2147483647;
			files = (
				5FEEE3C01D45CBAC00E237FC /* eventsArt.jpeg in Resources */,
				5FEEE3BF1D45CBAC00E237FC /* eventsCal.jpeg in Resources */,
				5FEEE3B31D45C0BB00E237FC /* LaunchScreen.storyboard in Resources */,
				5FEEE3B01D45C0BB00E237FC /* Assets.xcassets in Resources */,
				5FEEE3BC1D45C9EE00E237FC /* EventsBlock.jpg in Resources */,
				5FEEE3AE1D45C0BB00E237FC /* Main.storyboard in Resources */,
			);
			runOnlyForDeploymentPostprocessing = 0;
		};
/* End PBXResourcesBuildPhase section */

/* Begin PBXSourcesBuildPhase section */
		5FEEE3A11D45C0BB00E237FC /* Sources */ = {
			isa = PBXSourcesBuildPhase;
			buildActionMask = 2147483647;
			files = (
				5FEEE3AB1D45C0BB00E237FC /* ViewController.swift in Sources */,
				5FEEE3A91D45C0BB00E237FC /* AppDelegate.swift in Sources */,
			);
			runOnlyForDeploymentPostprocessing = 0;
		};
/* End PBXSourcesBuildPhase section */

/* Begin PBXVariantGroup section */
		5FEEE3AC1D45C0BB00E237FC /* Main.storyboard */ = {
			isa = PBXVariantGroup;
			children = (
				5FEEE3AD1D45C0BB00E237FC /* Base */,
			);
			name = Main.storyboard;
			sourceTree = "<group>";
		};
		5FEEE3B11D45C0BB00E237FC /* LaunchScreen.storyboard */ = {
			isa = PBXVariantGroup;
			children = (
				5FEEE3B21D45C0BB00E237FC /* Base */,
			);
			name = LaunchScreen.storyboard;
			sourceTree = "<group>";
		};
/* End PBXVariantGroup section */

/* Begin XCBuildConfiguration section */
		5FEEE3B51D45C0BB00E237FC /* Debug */ = {
			isa = XCBuildConfiguration;
			buildSettings = {
				ALWAYS_SEARCH_USER_PATHS = NO;
				CLANG_ANALYZER_NONNULL = YES;
				CLANG_CXX_LANGUAGE_STANDARD = "gnu++0x";
				CLANG_CXX_LIBRARY = "libc++";
				CLANG_ENABLE_MODULES = YES;
				CLANG_ENABLE_OBJC_ARC = YES;
				CLANG_WARN_BOOL_CONVERSION = YES;
				CLANG_WARN_CONSTANT_CONVERSION = YES;
				CLANG_WARN_DIRECT_OBJC_ISA_USAGE = YES_ERROR;
				CLANG_WARN_EMPTY_BODY = YES;
				CLANG_WARN_ENUM_CONVERSION = YES;
				CLANG_WARN_INT_CONVERSION = YES;
				CLANG_WARN_OBJC_ROOT_CLASS = YES_ERROR;
				CLANG_WARN_UNREACHABLE_CODE = YES;
				CLANG_WARN__DUPLICATE_METHOD_MATCH = YES;
				"CODE_SIGN_IDENTITY[sdk=iphoneos*]" = "iPhone Developer";
				COPY_PHASE_STRIP = NO;
				DEBUG_INFORMATION_FORMAT = dwarf;
				ENABLE_STRICT_OBJC_MSGSEND = YES;
				ENABLE_TESTABILITY = YES;
				GCC_C_LANGUAGE_STANDARD = gnu99;
				GCC_DYNAMIC_NO_PIC = NO;
				GCC_NO_COMMON_BLOCKS = YES;
				GCC_OPTIMIZATION_LEVEL = 0;
				GCC_PREPROCESSOR_DEFINITIONS = (
					"DEBUG=1",
					"$(inherited)",
				);
				GCC_WARN_64_TO_32_BIT_CONVERSION = YES;
				GCC_WARN_ABOUT_RETURN_TYPE = YES_ERROR;
				GCC_WARN_UNDECLARED_SELECTOR = YES;
				GCC_WARN_UNINITIALIZED_AUTOS = YES_AGGRESSIVE;
				GCC_WARN_UNUSED_FUNCTION = YES;
				GCC_WARN_UNUSED_VARIABLE = YES;
				IPHONEOS_DEPLOYMENT_TARGET = 9.3;
				MTL_ENABLE_DEBUG_INFO = YES;
				ONLY_ACTIVE_ARCH = YES;
				SDKROOT = iphoneos;
				SWIFT_OPTIMIZATION_LEVEL = "-Onone";
			};
			name = Debug;
		};
		5FEEE3B61D45C0BB00E237FC /* Release */ = {
			isa = XCBuildConfiguration;
			buildSettings = {
				ALWAYS_SEARCH_USER_PATHS = NO;
				CLANG_ANALYZER_NONNULL = YES;
				CLANG_CXX_LANGUAGE_STANDARD = "gnu++0x";
				CLANG_CXX_LIBRARY = "libc++";
				CLANG_ENABLE_MODULES = YES;
				CLANG_ENABLE_OBJC_ARC = YES;
				CLANG_WARN_BOOL_CONVERSION = YES;
				CLANG_WARN_CONSTANT_CONVERSION = YES;
				CLANG_WARN_DIRECT_OBJC_ISA_USAGE = YES_ERROR;
				CLANG_WARN_EMPTY_BODY = YES;
				CLANG_WARN_ENUM_CONVERSION = YES;
				CLANG_WARN_INT_CONVERSION = YES;
				CLANG_WARN_OBJC_ROOT_CLASS = YES_ERROR;
				CLANG_WARN_UNREACHABLE_CODE = YES;
				CLANG_WARN__DUPLICATE_METHOD_MATCH = YES;
				"CODE_SIGN_IDENTITY[sdk=iphoneos*]" = "iPhone Developer";
				COPY_PHASE_STRIP = NO;
				DEBUG_INFORMATION_FORMAT = "dwarf-with-dsym";
				ENABLE_NS_ASSERTIONS = NO;
				ENABLE_STRICT_OBJC_MSGSEND = YES;
				GCC_C_LANGUAGE_STANDARD = gnu99;
				GCC_NO_COMMON_BLOCKS = YES;
				GCC_WARN_64_TO_32_BIT_CONVERSION = YES;
				GCC_WARN_ABOUT_RETURN_TYPE = YES_ERROR;
				GCC_WARN_UNDECLARED_SELECTOR = YES;
				GCC_WARN_UNINITIALIZED_AUTOS = YES_AGGRESSIVE;
				GCC_WARN_UNUSED_FUNCTION = YES;
				GCC_WARN_UNUSED_VARIABLE = YES;
				IPHONEOS_DEPLOYMENT_TARGET = 9.3;
				MTL_ENABLE_DEBUG_INFO = NO;
				SDKROOT = iphoneos;
				VALIDATE_PRODUCT = YES;
			};
			name = Release;
		};
		5FEEE3B81D45C0BB00E237FC /* Debug */ = {
			isa = XCBuildConfiguration;
			buildSettings = {
				ASSETCATALOG_COMPILER_APPICON_NAME = AppIcon;
				INFOPLIST_FILE = EventsAndPeople/Info.plist;
				LD_RUNPATH_SEARCH_PATHS = "$(inherited) @executable_path/Frameworks";
				PRODUCT_BUNDLE_IDENTIFIER = com.roc.coder34.EventsAndPeople;
				PRODUCT_NAME = "$(TARGET_NAME)";
			};
			name = Debug;
		};
		5FEEE3B91D45C0BB00E237FC /* Release */ = {
			isa = XCBuildConfiguration;
			buildSettings = {
				ASSETCATALOG_COMPILER_APPICON_NAME = AppIcon;
				INFOPLIST_FILE = EventsAndPeople/Info.plist;
				LD_RUNPATH_SEARCH_PATHS = "$(inherited) @executable_path/Frameworks";
				PRODUCT_BUNDLE_IDENTIFIER = com.roc.coder34.EventsAndPeople;
				PRODUCT_NAME = "$(TARGET_NAME)";
			};
			name = Release;
		};
/* End XCBuildConfiguration section */

/* Begin XCConfigurationList section */
		5FEEE3A01D45C0BB00E237FC /* Build configuration list for PBXProject "EventsAndPeople" */ = {
			isa = XCConfigurationList;
			buildConfigurations = (
				5FEEE3B51D45C0BB00E237FC /* Debug */,
				5FEEE3B61D45C0BB00E237FC /* Release */,
			);
			defaultConfigurationIsVisible = 0;
			defaultConfigurationName = Release;
		};
		5FEEE3B71D45C0BB00E237FC /* Build configuration list for PBXNativeTarget "EventsAndPeople" */ = {
			isa = XCConfigurationList;
			buildConfigurations = (
				5FEEE3B81D45C0BB00E237FC /* Debug */,
				5FEEE3B91D45C0BB00E237FC /* Release */,
			);
			defaultConfigurationIsVisible = 0;
		};
/* End XCConfigurationList section */
	};
	rootObject = 5FEEE39D1D45C0BB00E237FC /* Project object */;
}
